
Microsoft Visual Studio Solution File, Format Version 12.00
# Visual Studio Version 17
VisualStudioVersion = 17.4.32912.340
MinimumVisualStudioVersion = 10.0.40219.1
Project("{2150E333-8FDC-42A3-9474-1A3956D46DE8}") = "Source", "Source", "{94187881-C1DD-4690-89BC-63DD50C9FFB7}"
EndProject
Project("{2150E333-8FDC-42A3-9474-1A3956D46DE8}") = "Test Suite", "Test Suite", "{C8C19749-1DB7-435A-BCA2-45281E1ABFE3}"
EndProject
Project("{2150E333-8FDC-42A3-9474-1A3956D46DE8}") = "Solution Items", "Solution Items", "{50E9F95B-E4F8-404E-A35F-B8EC9688E4EA}"
	ProjectSection(SolutionItems) = preProject
		README.md = README.md
	EndProjectSection
EndProject
Project("{9A19103F-16F7-4668-BE54-9A1E7A4F7556}") = "FluentChatCommands", "src\FluentChatCommands\FluentChatCommands.csproj", "{4C8798E9-99F9-46A7-ADA8-AF3A0469537A}"
EndProject
Project("{9A19103F-16F7-4668-BE54-9A1E7A4F7556}") = "FluentChatCommands.Tests.Unit", "tests\FluentChatCommands.Tests.Unit\FluentChatCommands.Tests.Unit.csproj", "{B8004804-4453-4EC4-8EF5-75F49D97E702}"
EndProject
Project("{9A19103F-16F7-4668-BE54-9A1E7A4F7556}") = "FluentChatCommands.Tests.Integration", "tests\FluentChatCommands.Tests.Integration\FluentChatCommands.Tests.Integration.csproj", "{C027BDB9-8FA6-4E1D-BCA7-602D549C2634}"
EndProject
Global
	GlobalSection(SolutionConfigurationPlatforms) = preSolution
		Debug|Any CPU = Debug|Any CPU
		Release|Any CPU = Release|Any CPU
		Unit Test|Any CPU = Unit Test|Any CPU
	EndGlobalSection
	GlobalSection(ProjectConfigurationPlatforms) = postSolution
		{4C8798E9-99F9-46A7-ADA8-AF3A0469537A}.Debug|Any CPU.ActiveCfg = Debug|Any CPU
		{4C8798E9-99F9-46A7-ADA8-AF3A0469537A}.Debug|Any CPU.Build.0 = Debug|Any CPU
		{4C8798E9-99F9-46A7-ADA8-AF3A0469537A}.Release|Any CPU.ActiveCfg = Release|Any CPU
		{4C8798E9-99F9-46A7-ADA8-AF3A0469537A}.Release|Any CPU.Build.0 = Release|Any CPU
		{4C8798E9-99F9-46A7-ADA8-AF3A0469537A}.Unit Test|Any CPU.ActiveCfg = Unit Test|Any CPU
		{4C8798E9-99F9-46A7-ADA8-AF3A0469537A}.Unit Test|Any CPU.Build.0 = Unit Test|Any CPU
		{B8004804-4453-4EC4-8EF5-75F49D97E702}.Debug|Any CPU.ActiveCfg = Debug|Any CPU
		{B8004804-4453-4EC4-8EF5-75F49D97E702}.Debug|Any CPU.Build.0 = Debug|Any CPU
		{B8004804-4453-4EC4-8EF5-75F49D97E702}.Release|Any CPU.ActiveCfg = Release|Any CPU
		{B8004804-4453-4EC4-8EF5-75F49D97E702}.Release|Any CPU.Build.0 = Release|Any CPU
		{B8004804-4453-4EC4-8EF5-75F49D97E702}.Unit Test|Any CPU.ActiveCfg = Unit Test|Any CPU
		{B8004804-4453-4EC4-8EF5-75F49D97E702}.Unit Test|Any CPU.Build.0 = Unit Test|Any CPU
		{C027BDB9-8FA6-4E1D-BCA7-602D549C2634}.Debug|Any CPU.ActiveCfg = Debug|Any CPU
		{C027BDB9-8FA6-4E1D-BCA7-602D549C2634}.Debug|Any CPU.Build.0 = Debug|Any CPU
		{C027BDB9-8FA6-4E1D-BCA7-602D549C2634}.Release|Any CPU.ActiveCfg = Release|Any CPU
		{C027BDB9-8FA6-4E1D-BCA7-602D549C2634}.Release|Any CPU.Build.0 = Release|Any CPU
		{C027BDB9-8FA6-4E1D-BCA7-602D549C2634}.Unit Test|Any CPU.ActiveCfg = Debug|Any CPU
		{C027BDB9-8FA6-4E1D-BCA7-602D549C2634}.Unit Test|Any CPU.Build.0 = Debug|Any CPU
	EndGlobalSection
	GlobalSection(SolutionProperties) = preSolution
		HideSolutionNode = FALSE
	EndGlobalSection
	GlobalSection(NestedProjects) = preSolution
		{4C8798E9-99F9-46A7-ADA8-AF3A0469537A} = {94187881-C1DD-4690-89BC-63DD50C9FFB7}
		{B8004804-4453-4EC4-8EF5-75F49D97E702} = {C8C19749-1DB7-435A-BCA2-45281E1ABFE3}
		{C027BDB9-8FA6-4E1D-BCA7-602D549C2634} = {C8C19749-1DB7-435A-BCA2-45281E1ABFE3}
	EndGlobalSection
	GlobalSection(ExtensibilityGlobals) = postSolution
		SolutionGuid = {E92CAE8E-09EF-40C4-BCA1-EBC8A081A88C}
	EndGlobalSection
EndGlobal
