
Microsoft Visual Studio Solution File, Format Version 12.00
# Visual Studio Version 16
VisualStudioVersion = 16.0.31727.386
MinimumVisualStudioVersion = 10.0.40219.1
Project("{9A19103F-16F7-4668-BE54-9A1E7A4F7556}") = "FluentChatCommands", "Source\FluentChatCommands\FluentChatCommands.csproj", "{8AF80292-E50A-4214-836D-3F1C3A148D65}"
EndProject
Project("{9A19103F-16F7-4668-BE54-9A1E7A4F7556}") = "FluentChatCommands.Tests.Unit", "Test Suite\FluentChatCommands.Tests.Unit\FluentChatCommands.Tests.Unit.csproj", "{466B0BF1-740E-4721-9BA5-28C8CE89563E}"
EndProject
Project("{2150E333-8FDC-42A3-9474-1A3956D46DE8}") = "Source", "Source", "{94187881-C1DD-4690-89BC-63DD50C9FFB7}"
EndProject
Project("{2150E333-8FDC-42A3-9474-1A3956D46DE8}") = "Test Suite", "Test Suite", "{C8C19749-1DB7-435A-BCA2-45281E1ABFE3}"
EndProject
Project("{9A19103F-16F7-4668-BE54-9A1E7A4F7556}") = "FluentChatCommands.Tests.Integration", "Test Suite\FluentChatCommands.Tests.Integration\FluentChatCommands.Tests.Integration.csproj", "{E8E43B30-CEC4-4FBE-97AE-DA541D042688}"
EndProject
Project("{2150E333-8FDC-42A3-9474-1A3956D46DE8}") = "Solution Items", "Solution Items", "{50E9F95B-E4F8-404E-A35F-B8EC9688E4EA}"
	ProjectSection(SolutionItems) = preProject
		README.md = README.md
	EndProjectSection
EndProject
Global
	GlobalSection(SolutionConfigurationPlatforms) = preSolution
		Debug|Any CPU = Debug|Any CPU
		Release|Any CPU = Release|Any CPU
	EndGlobalSection
	GlobalSection(ProjectConfigurationPlatforms) = postSolution
		{8AF80292-E50A-4214-836D-3F1C3A148D65}.Debug|Any CPU.ActiveCfg = Debug|Any CPU
		{8AF80292-E50A-4214-836D-3F1C3A148D65}.Debug|Any CPU.Build.0 = Debug|Any CPU
		{8AF80292-E50A-4214-836D-3F1C3A148D65}.Release|Any CPU.ActiveCfg = Release|Any CPU
		{8AF80292-E50A-4214-836D-3F1C3A148D65}.Release|Any CPU.Build.0 = Release|Any CPU
		{466B0BF1-740E-4721-9BA5-28C8CE89563E}.Debug|Any CPU.ActiveCfg = Debug|Any CPU
		{466B0BF1-740E-4721-9BA5-28C8CE89563E}.Debug|Any CPU.Build.0 = Debug|Any CPU
		{466B0BF1-740E-4721-9BA5-28C8CE89563E}.Release|Any CPU.ActiveCfg = Release|Any CPU
		{466B0BF1-740E-4721-9BA5-28C8CE89563E}.Release|Any CPU.Build.0 = Release|Any CPU
		{E8E43B30-CEC4-4FBE-97AE-DA541D042688}.Debug|Any CPU.ActiveCfg = Debug|Any CPU
		{E8E43B30-CEC4-4FBE-97AE-DA541D042688}.Debug|Any CPU.Build.0 = Debug|Any CPU
		{E8E43B30-CEC4-4FBE-97AE-DA541D042688}.Release|Any CPU.ActiveCfg = Release|Any CPU
		{E8E43B30-CEC4-4FBE-97AE-DA541D042688}.Release|Any CPU.Build.0 = Release|Any CPU
	EndGlobalSection
	GlobalSection(SolutionProperties) = preSolution
		HideSolutionNode = FALSE
	EndGlobalSection
	GlobalSection(NestedProjects) = preSolution
		{8AF80292-E50A-4214-836D-3F1C3A148D65} = {94187881-C1DD-4690-89BC-63DD50C9FFB7}
		{466B0BF1-740E-4721-9BA5-28C8CE89563E} = {C8C19749-1DB7-435A-BCA2-45281E1ABFE3}
		{E8E43B30-CEC4-4FBE-97AE-DA541D042688} = {C8C19749-1DB7-435A-BCA2-45281E1ABFE3}
	EndGlobalSection
	GlobalSection(ExtensibilityGlobals) = postSolution
		SolutionGuid = {E92CAE8E-09EF-40C4-BCA1-EBC8A081A88C}
	EndGlobalSection
EndGlobal
